PODS:
  - Flutter (1.0.0)
  - plugin_objc_swift (0.0.1):
    - Flutter

DEPENDENCIES:
  - Flutter (from `Flutter`)
  - plugin_objc_swift (from `.symlinks/plugins/plugin_objc_swift/ios`)

EXTERNAL SOURCES:
  Flutter:
    :path: Flutter
  plugin_objc_swift:
    :path: ".symlinks/plugins/plugin_objc_swift/ios"

SPEC CHECKSUMS:
  Flutter: 0e3d915762c693b495b44d77113d4970485de6ec
  plugin_objc_swift: f52cc35845bf652c4ce1b8d823c6ab31df470416

PODFILE CHECKSUM: c34e2287a9ccaa606aeceab922830efb9a6ff69a

COCOAPODS: 1.9.1
