PODS:
  - battery_swift (0.0.1):
    - Flutter
  - Flutter (1.0.0)

DEPENDENCIES:
  - battery_swift (from `.symlinks/plugins/battery_swift/ios`)
  - Flutter (from `Flutter`)

EXTERNAL SOURCES:
  battery_swift:
    :path: ".symlinks/plugins/battery_swift/ios"
  Flutter:
    :path: Flutter

SPEC CHECKSUMS:
  battery_swift: 38dd9ec9c70c172bb873d90d769718fc73244c5a
  Flutter: 0e3d915762c693b495b44d77113d4970485de6ec

PODFILE CHECKSUM: c34e2287a9ccaa606aeceab922830efb9a6ff69a

COCOAPODS: 1.8.4
