PODS:
  - Flutter (1.0.0)
  - twilio_video_call (0.0.1):
    - Flutter
    - TwilioVideo (~> 3.3)
  - TwilioVideo (3.4.1)

DEPENDENCIES:
  - Flutter (from `Flutter`)
  - twilio_video_call (from `.symlinks/plugins/twilio_video_call/ios`)

SPEC REPOS:
  trunk:
    - TwilioVideo

EXTERNAL SOURCES:
  Flutter:
    :path: Flutter
  twilio_video_call:
    :path: ".symlinks/plugins/twilio_video_call/ios"

SPEC CHECKSUMS:
  Flutter: 0e3d915762c693b495b44d77113d4970485de6ec
  twilio_video_call: 46a3fa354b0ac1dd450c74897212e0051d351f7c
  TwilioVideo: a16a52ac4d4b2006a33f43535ebed7d6d9acd70e

PODFILE CHECKSUM: 877d7d50052dcff9e9046f01bcd8f675b857a6c0

COCOAPODS: 1.9.1
